
Microsoft Visual Studio Solution File, Format Version 12.00
# Visual Studio Version 16
VisualStudioVersion = 16.0.30114.105
MinimumVisualStudioVersion = 10.0.40219.1
Project("{FAE04EC0-301F-11D3-BF4B-00C04F79EFBC}") = "quest_web", "quest_web_dotnet\quest_web.csproj", "{DB65BD58-5F8C-413A-BC7F-07A3123B09D3}"
EndProject
Project("{FAE04EC0-301F-11D3-BF4B-00C04F79EFBC}") = "quest_web_dotnet.Tests", "quest_web_dotnet.Tests\quest_web_dotnet.Tests.csproj", "{32A5C206-680C-4A92-99FA-6356429FCC3B}"
EndProject
Global
	GlobalSection(SolutionConfigurationPlatforms) = preSolution
		Debug|Any CPU = Debug|Any CPU
		Debug|x64 = Debug|x64
		Debug|x86 = Debug|x86
		Release|Any CPU = Release|Any CPU
		Release|x64 = Release|x64
		Release|x86 = Release|x86
	EndGlobalSection
	GlobalSection(SolutionProperties) = preSolution
		HideSolutionNode = FALSE
	EndGlobalSection
	GlobalSection(ProjectConfigurationPlatforms) = postSolution
		{DB65BD58-5F8C-413A-BC7F-07A3123B09D3}.Debug|Any CPU.ActiveCfg = Debug|Any CPU
		{DB65BD58-5F8C-413A-BC7F-07A3123B09D3}.Debug|Any CPU.Build.0 = Debug|Any CPU
		{DB65BD58-5F8C-413A-BC7F-07A3123B09D3}.Debug|x64.ActiveCfg = Debug|Any CPU
		{DB65BD58-5F8C-413A-BC7F-07A3123B09D3}.Debug|x64.Build.0 = Debug|Any CPU
		{DB65BD58-5F8C-413A-BC7F-07A3123B09D3}.Debug|x86.ActiveCfg = Debug|Any CPU
		{DB65BD58-5F8C-413A-BC7F-07A3123B09D3}.Debug|x86.Build.0 = Debug|Any CPU
		{DB65BD58-5F8C-413A-BC7F-07A3123B09D3}.Release|Any CPU.ActiveCfg = Release|Any CPU
		{DB65BD58-5F8C-413A-BC7F-07A3123B09D3}.Release|Any CPU.Build.0 = Release|Any CPU
		{DB65BD58-5F8C-413A-BC7F-07A3123B09D3}.Release|x64.ActiveCfg = Release|Any CPU
		{DB65BD58-5F8C-413A-BC7F-07A3123B09D3}.Release|x64.Build.0 = Release|Any CPU
		{DB65BD58-5F8C-413A-BC7F-07A3123B09D3}.Release|x86.ActiveCfg = Release|Any CPU
		{DB65BD58-5F8C-413A-BC7F-07A3123B09D3}.Release|x86.Build.0 = Release|Any CPU
		{32A5C206-680C-4A92-99FA-6356429FCC3B}.Debug|Any CPU.ActiveCfg = Debug|Any CPU
		{32A5C206-680C-4A92-99FA-6356429FCC3B}.Debug|Any CPU.Build.0 = Debug|Any CPU
		{32A5C206-680C-4A92-99FA-6356429FCC3B}.Debug|x64.ActiveCfg = Debug|Any CPU
		{32A5C206-680C-4A92-99FA-6356429FCC3B}.Debug|x64.Build.0 = Debug|Any CPU
		{32A5C206-680C-4A92-99FA-6356429FCC3B}.Debug|x86.ActiveCfg = Debug|Any CPU
		{32A5C206-680C-4A92-99FA-6356429FCC3B}.Debug|x86.Build.0 = Debug|Any CPU
		{32A5C206-680C-4A92-99FA-6356429FCC3B}.Release|Any CPU.ActiveCfg = Release|Any CPU
		{32A5C206-680C-4A92-99FA-6356429FCC3B}.Release|Any CPU.Build.0 = Release|Any CPU
		{32A5C206-680C-4A92-99FA-6356429FCC3B}.Release|x64.ActiveCfg = Release|Any CPU
		{32A5C206-680C-4A92-99FA-6356429FCC3B}.Release|x64.Build.0 = Release|Any CPU
		{32A5C206-680C-4A92-99FA-6356429FCC3B}.Release|x86.ActiveCfg = Release|Any CPU
		{32A5C206-680C-4A92-99FA-6356429FCC3B}.Release|x86.Build.0 = Release|Any CPU
	EndGlobalSection
EndGlobal
